// !$*UTF8*$!
{
	archiveVersion = 1;
	classes = {
	};
	objectVersion = 46;
	objects = {

/* Begin PBXBuildFile section */
		49179B8A1ADB39AE00F82D96 /* AppDelegate.swift in Sources */ = {isa = PBXBuildFile; fileRef = 49179B891ADB39AE00F82D96 /* AppDelegate.swift */; };
		49179B8C1ADB39AE00F82D96 /* ClickCountViewController.swift in Sources */ = {isa = PBXBuildFile; fileRef = 49179B8B1ADB39AE00F82D96 /* ClickCountViewController.swift */; };
		49179B8F1ADB39AE00F82D96 /* Main.storyboard in Resources */ = {isa = PBXBuildFile; fileRef = 49179B8D1ADB39AE00F82D96 /* Main.storyboard */; };
		49179B911ADB39AE00F82D96 /* Images.xcassets in Resources */ = {isa = PBXBuildFile; fileRef = 49179B901ADB39AE00F82D96 /* Images.xcassets */; };
		49179B941ADB39AE00F82D96 /* LaunchScreen.xib in Resources */ = {isa = PBXBuildFile; fileRef = 49179B921ADB39AE00F82D96 /* LaunchScreen.xib */; };
		49179BA01ADB39AE00F82D96 /* Click_CounterTests.swift in Sources */ = {isa = PBXBuildFile; fileRef = 49179B9F1ADB39AE00F82D96 /* Click_CounterTests.swift */; };
/* End PBXBuildFile section */

/* Begin PBXContainerItemProxy section */
		49179B9A1ADB39AE00F82D96 /* PBXContainerItemProxy */ = {
			isa = PBXContainerItemProxy;
			containerPortal = 49179B7C1ADB39AE00F82D96 /* Project object */;
			proxyType = 1;
			remoteGlobalIDString = 49179B831ADB39AE00F82D96;
			remoteInfo = "Click Counter";
		};
/* End PBXContainerItemProxy section */

/* Begin PBXFileReference section */
		49179B841ADB39AE00F82D96 /* Click Counter.app */ = {isa = PBXFileReference; explicitFileType = wrapper.application; includeInIndex = 0; path = "Click Counter.app"; sourceTree = BUILT_PRODUCTS_DIR; };
		49179B881ADB39AE00F82D96 /* Info.plist */ = {isa = PBXFileReference; lastKnownFileType = text.plist.xml; path = Info.plist; sourceTree = "<group>"; };
		49179B891ADB39AE00F82D96 /* AppDelegate.swift */ = {isa = PBXFileReference; lastKnownFileType = sourcecode.swift; path = AppDelegate.swift; sourceTree = "<group>"; };
		49179B8B1ADB39AE00F82D96 /* ClickCountViewController.swift */ = {isa = PBXFileReference; lastKnownFileType = sourcecode.swift; path = ClickCountViewController.swift; sourceTree = "<group>"; };
		49179B8E1ADB39AE00F82D96 /* Base */ = {isa = PBXFileReference; lastKnownFileType = file.storyboard; name = Base; path = Base.lproj/Main.storyboard; sourceTree = "<group>"; };
		49179B901ADB39AE00F82D96 /* Images.xcassets */ = {isa = PBXFileReference; lastKnownFileType = folder.assetcatalog; path = Images.xcassets; sourceTree = "<group>"; };
		49179B931ADB39AE00F82D96 /* Base */ = {isa = PBXFileReference; lastKnownFileType = file.xib; name = Base; path = Base.lproj/LaunchScreen.xib; sourceTree = "<group>"; };
		49179B991ADB39AE00F82D96 /* Click CounterTests.xctest */ = {isa = PBXFileReference; explicitFileType = wrapper.cfbundle; includeInIndex = 0; path = "Click CounterTests.xctest"; sourceTree = BUILT_PRODUCTS_DIR; };
		49179B9E1ADB39AE00F82D96 /* Info.plist */ = {isa = PBXFileReference; lastKnownFileType = text.plist.xml; path = Info.plist; sourceTree = "<group>"; };
		49179B9F1ADB39AE00F82D96 /* Click_CounterTests.swift */ = {isa = PBXFileReference; lastKnownFileType = sourcecode.swift; path = Click_CounterTests.swift; sourceTree = "<group>"; };
/* End PBXFileReference section */

/* Begin PBXFrameworksBuildPhase section */
		49179B811ADB39AE00F82D96 /* Frameworks */ = {
			isa = PBXFrameworksBuildPhase;
			buildActionMask = 2147483647;
			files = (
			);
			runOnlyForDeploymentPostprocessing = 0;
		};
		49179B961ADB39AE00F82D96 /* Frameworks */ = {
			isa = PBXFrameworksBuildPhase;
			buildActionMask = 2147483647;
			files = (
			);
			runOnlyForDeploymentPostprocessing = 0;
		};
/* End PBXFrameworksBuildPhase section */

/* Begin PBXGroup section */
		49179B7B1ADB39AE00F82D96 = {
			isa = PBXGroup;
			children = (
				49179B861ADB39AE00F82D96 /* Click Counter */,
				49179B9C1ADB39AE00F82D96 /* Click CounterTests */,
				49179B851ADB39AE00F82D96 /* Products */,
			);
			sourceTree = "<group>";
		};
		49179B851ADB39AE00F82D96 /* Products */ = {
			isa = PBXGroup;
			children = (
				49179B841ADB39AE00F82D96 /* Click Counter.app */,
				49179B991ADB39AE00F82D96 /* Click CounterTests.xctest */,
			);
			name = Products;
			sourceTree = "<group>";
		};
		49179B861ADB39AE00F82D96 /* Click Counter */ = {
			isa = PBXGroup;
			children = (
				49179B891ADB39AE00F82D96 /* AppDelegate.swift */,
				49179B8B1ADB39AE00F82D96 /* ClickCountViewController.swift */,
				49179B8D1ADB39AE00F82D96 /* Main.storyboard */,
				49179B901ADB39AE00F82D96 /* Images.xcassets */,
				49179B921ADB39AE00F82D96 /* LaunchScreen.xib */,
				49179B871ADB39AE00F82D96 /* Supporting Files */,
			);
			path = "Click Counter";
			sourceTree = "<group>";
		};
		49179B871ADB39AE00F82D96 /* Supporting Files */ = {
			isa = PBXGroup;
			children = (
				49179B881ADB39AE00F82D96 /* Info.plist */,
			);
			name = "Supporting Files";
			sourceTree = "<group>";
		};
		49179B9C1ADB39AE00F82D96 /* Click CounterTests */ = {
			isa = PBXGroup;
			children = (
				49179B9F1ADB39AE00F82D96 /* Click_CounterTests.swift */,
				49179B9D1ADB39AE00F82D96 /* Supporting Files */,
			);
			path = "Click CounterTests";
			sourceTree = "<group>";
		};
		49179B9D1ADB39AE00F82D96 /* Supporting Files */ = {
			isa = PBXGroup;
			children = (
				49179B9E1ADB39AE00F82D96 /* Info.plist */,
			);
			name = "Supporting Files";
			sourceTree = "<group>";
		};
/* End PBXGroup section */

/* Begin PBXNativeTarget section */
		49179B831ADB39AE00F82D96 /* Click Counter */ = {
			isa = PBXNativeTarget;
			buildConfigurationList = 49179BA31ADB39AE00F82D96 /* Build configuration list for PBXNativeTarget "Click Counter" */;
			buildPhases = (
				49179B801ADB39AE00F82D96 /* Sources */,
				49179B811ADB39AE00F82D96 /* Frameworks */,
				49179B821ADB39AE00F82D96 /* Resources */,
			);
			buildRules = (
			);
			dependencies = (
			);
			name = "Click Counter";
			productName = "Click Counter";
			productReference = 49179B841ADB39AE00F82D96 /* Click Counter.app */;
			productType = "com.apple.product-type.application";
		};
		49179B981ADB39AE00F82D96 /* Click CounterTests */ = {
			isa = PBXNativeTarget;
			buildConfigurationList = 49179BA61ADB39AE00F82D96 /* Build configuration list for PBXNativeTarget "Click CounterTests" */;
			buildPhases = (
				49179B951ADB39AE00F82D96 /* Sources */,
				49179B961ADB39AE00F82D96 /* Frameworks */,
				49179B971ADB39AE00F82D96 /* Resources */,
			);
			buildRules = (
			);
			dependencies = (
				49179B9B1ADB39AE00F82D96 /* PBXTargetDependency */,
			);
			name = "Click CounterTests";
			productName = "Click CounterTests";
			productReference = 49179B991ADB39AE00F82D96 /* Click CounterTests.xctest */;
			productType = "com.apple.product-type.bundle.unit-test";
		};
/* End PBXNativeTarget section */

/* Begin PBXProject section */
		49179B7C1ADB39AE00F82D96 /* Project object */ = {
			isa = PBXProject;
			attributes = {
				LastUpgradeCheck = 0630;
				ORGANIZATIONNAME = "Enrico Montana";
				TargetAttributes = {
					49179B831ADB39AE00F82D96 = {
						CreatedOnToolsVersion = 6.3;
					};
					49179B981ADB39AE00F82D96 = {
						CreatedOnToolsVersion = 6.3;
						TestTargetID = 49179B831ADB39AE00F82D96;
					};
				};
			};
			buildConfigurationList = 49179B7F1ADB39AE00F82D96 /* Build configuration list for PBXProject "Click Counter" */;
			compatibilityVersion = "Xcode 3.2";
			developmentRegion = English;
			hasScannedForEncodings = 0;
			knownRegions = (
				en,
				Base,
			);
			mainGroup = 49179B7B1ADB39AE00F82D96;
			productRefGroup = 49179B851ADB39AE00F82D96 /* Products */;
			projectDirPath = "";
			projectRoot = "";
			targets = (
				49179B831ADB39AE00F82D96 /* Click Counter */,
				49179B981ADB39AE00F82D96 /* Click CounterTests */,
			);
		};
/* End PBXProject section */

/* Begin PBXResourcesBuildPhase section */
		49179B821ADB39AE00F82D96 /* Resources */ = {
			isa = PBXResourcesBuildPhase;
			buildActionMask = 2147483647;
			files = (
				49179B8F1ADB39AE00F82D96 /* Main.storyboard in Resources */,
				49179B941ADB39AE00F82D96 /* LaunchScreen.xib in Resources */,
				49179B911ADB39AE00F82D96 /* Images.xcassets in Resources */,
			);
			runOnlyForDeploymentPostprocessing = 0;
		};
		49179B971ADB39AE00F82D96 /* Resources */ = {
			isa = PBXResourcesBuildPhase;
			buildActionMask = 2147483647;
			files = (
			);
			runOnlyForDeploymentPostprocessing = 0;
		};
/* End PBXResourcesBuildPhase section */

/* Begin PBXSourcesBuildPhase section */
		49179B801ADB39AE00F82D96 /* Sources */ = {
			isa = PBXSourcesBuildPhase;
			buildActionMask = 2147483647;
			files = (
				49179B8C1ADB39AE00F82D96 /* ClickCountViewController.swift in Sources */,
				49179B8A1ADB39AE00F82D96 /* AppDelegate.swift in Sources */,
			);
			runOnlyForDeploymentPostprocessing = 0;
		};
		49179B951ADB39AE00F82D96 /* Sources */ = {
			isa = PBXSourcesBuildPhase;
			buildActionMask = 2147483647;
			files = (
				49179BA01ADB39AE00F82D96 /* Click_CounterTests.swift in Sources */,
			);
			runOnlyForDeploymentPostprocessing = 0;
		};
/* End PBXSourcesBuildPhase section */

/* Begin PBXTargetDependency section */
		49179B9B1ADB39AE00F82D96 /* PBXTargetDependency */ = {
			isa = PBXTargetDependency;
			target = 49179B831ADB39AE00F82D96 /* Click Counter */;
			targetProxy = 49179B9A1ADB39AE00F82D96 /* PBXContainerItemProxy */;
		};
/* End PBXTargetDependency section */

/* Begin PBXVariantGroup section */
		49179B8D1ADB39AE00F82D96 /* Main.storyboard */ = {
			isa = PBXVariantGroup;
			children = (
				49179B8E1ADB39AE00F82D96 /* Base */,
			);
			name = Main.storyboard;
			sourceTree = "<group>";
		};
		49179B921ADB39AE00F82D96 /* LaunchScreen.xib */ = {
			isa = PBXVariantGroup;
			children = (
				49179B931ADB39AE00F82D96 /* Base */,
			);
			name = LaunchScreen.xib;
			sourceTree = "<group>";
		};
/* End PBXVariantGroup section */

/* Begin XCBuildConfiguration section */
		49179BA11ADB39AE00F82D96 /* Debug */ = {
			isa = XCBuildConfiguration;
			buildSettings = {
				ALWAYS_SEARCH_USER_PATHS = NO;
				CLANG_CXX_LANGUAGE_STANDARD = "gnu++0x";
				CLANG_CXX_LIBRARY = "libc++";
				CLANG_ENABLE_MODULES = YES;
				CLANG_ENABLE_OBJC_ARC = YES;
				CLANG_WARN_BOOL_CONVERSION = YES;
				CLANG_WARN_CONSTANT_CONVERSION = YES;
				CLANG_WARN_DIRECT_OBJC_ISA_USAGE = YES_ERROR;
				CLANG_WARN_EMPTY_BODY = YES;
				CLANG_WARN_ENUM_CONVERSION = YES;
				CLANG_WARN_INT_CONVERSION = YES;
				CLANG_WARN_OBJC_ROOT_CLASS = YES_ERROR;
				CLANG_WARN_UNREACHABLE_CODE = YES;
				CLANG_WARN__DUPLICATE_METHOD_MATCH = YES;
				"CODE_SIGN_IDENTITY[sdk=iphoneos*]" = "iPhone Developer";
				COPY_PHASE_STRIP = NO;
				DEBUG_INFORMATION_FORMAT = "dwarf-with-dsym";
				ENABLE_STRICT_OBJC_MSGSEND = YES;
				GCC_C_LANGUAGE_STANDARD = gnu99;
				GCC_DYNAMIC_NO_PIC = NO;
				GCC_NO_COMMON_BLOCKS = YES;
				GCC_OPTIMIZATION_LEVEL = 0;
				GCC_PREPROCESSOR_DEFINITIONS = (
					"DEBUG=1",
					"$(inherited)",
				);
				GCC_SYMBOLS_PRIVATE_EXTERN = NO;
				GCC_WARN_64_TO_32_BIT_CONVERSION = YES;
				GCC_WARN_ABOUT_RETURN_TYPE = YES_ERROR;
				GCC_WARN_UNDECLARED_SELECTOR = YES;
				GCC_WARN_UNINITIALIZED_AUTOS = YES_AGGRESSIVE;
				GCC_WARN_UNUSED_FUNCTION = YES;
				GCC_WARN_UNUSED_VARIABLE = YES;
				IPHONEOS_DEPLOYMENT_TARGET = 8.3;
				MTL_ENABLE_DEBUG_INFO = YES;
				ONLY_ACTIVE_ARCH = YES;
				SDKROOT = iphoneos;
				SWIFT_OPTIMIZATION_LEVEL = "-Onone";
				TARGETED_DEVICE_FAMILY = "1,2";
			};
			name = Debug;
		};
		49179BA21ADB39AE00F82D96 /* Release */ = {
			isa = XCBuildConfiguration;
			buildSettings = {
				ALWAYS_SEARCH_USER_PATHS = NO;
				CLANG_CXX_LANGUAGE_STANDARD = "gnu++0x";
				CLANG_CXX_LIBRARY = "libc++";
				CLANG_ENABLE_MODULES = YES;
				CLANG_ENABLE_OBJC_ARC = YES;
				CLANG_WARN_BOOL_CONVERSION = YES;
				CLANG_WARN_CONSTANT_CONVERSION = YES;
				CLANG_WARN_DIRECT_OBJC_ISA_USAGE = YES_ERROR;
				CLANG_WARN_EMPTY_BODY = YES;
				CLANG_WARN_ENUM_CONVERSION = YES;
				CLANG_WARN_INT_CONVERSION = YES;
				CLANG_WARN_OBJC_ROOT_CLASS = YES_ERROR;
				CLANG_WARN_UNREACHABLE_CODE = YES;
				CLANG_WARN__DUPLICATE_METHOD_MATCH = YES;
				"CODE_SIGN_IDENTITY[sdk=iphoneos*]" = "iPhone Developer";
				COPY_PHASE_STRIP = NO;
				DEBUG_INFORMATION_FORMAT = "dwarf-with-dsym";
				ENABLE_NS_ASSERTIONS = NO;
				ENABLE_STRICT_OBJC_MSGSEND = YES;
				GCC_C_LANGUAGE_STANDARD = gnu99;
				GCC_NO_COMMON_BLOCKS = YES;
				GCC_WARN_64_TO_32_BIT_CONVERSION = YES;
				GCC_WARN_ABOUT_RETURN_TYPE = YES_ERROR;
				GCC_WARN_UNDECLARED_SELECTOR = YES;
				GCC_WARN_UNINITIALIZED_AUTOS = YES_AGGRESSIVE;
				GCC_WARN_UNUSED_FUNCTION = YES;
				GCC_WARN_UNUSED_VARIABLE = YES;
				IPHONEOS_DEPLOYMENT_TARGET = 8.3;
				MTL_ENABLE_DEBUG_INFO = NO;
				SDKROOT = iphoneos;
				TARGETED_DEVICE_FAMILY = "1,2";
				VALIDATE_PRODUCT = YES;
			};
			name = Release;
		};
		49179BA41ADB39AE00F82D96 /* Debug */ = {
			isa = XCBuildConfiguration;
			buildSettings = {
				ASSETCATALOG_COMPILER_APPICON_NAME = AppIcon;
				INFOPLIST_FILE = "Click Counter/Info.plist";
				LD_RUNPATH_SEARCH_PATHS = "$(inherited) @executable_path/Frameworks";
				PRODUCT_NAME = "$(TARGET_NAME)";
			};
			name = Debug;
		};
		49179BA51ADB39AE00F82D96 /* Release */ = {
			isa = XCBuildConfiguration;
			buildSettings = {
				ASSETCATALOG_COMPILER_APPICON_NAME = AppIcon;
				INFOPLIST_FILE = "Click Counter/Info.plist";
				LD_RUNPATH_SEARCH_PATHS = "$(inherited) @executable_path/Frameworks";
				PRODUCT_NAME = "$(TARGET_NAME)";
			};
			name = Release;
		};
		49179BA71ADB39AE00F82D96 /* Debug */ = {
			isa = XCBuildConfiguration;
			buildSettings = {
				BUNDLE_LOADER = "$(TEST_HOST)";
				FRAMEWORK_SEARCH_PATHS = (
					"$(SDKROOT)/Developer/Library/Frameworks",
					"$(inherited)",
				);
				GCC_PREPROCESSOR_DEFINITIONS = (
					"DEBUG=1",
					"$(inherited)",
				);
				INFOPLIST_FILE = "Click CounterTests/Info.plist";
				LD_RUNPATH_SEARCH_PATHS = "$(inherited) @executable_path/Frameworks @loader_path/Frameworks";
				PRODUCT_NAME = "$(TARGET_NAME)";
				TEST_HOST = "$(BUILT_PRODUCTS_DIR)/Click Counter.app/Click Counter";
			};
			name = Debug;
		};
		49179BA81ADB39AE00F82D96 /* Release */ = {
			isa = XCBuildConfiguration;
			buildSettings = {
				BUNDLE_LOADER = "$(TEST_HOST)";
				FRAMEWORK_SEARCH_PATHS = (
					"$(SDKROOT)/Developer/Library/Frameworks",
					"$(inherited)",
				);
				INFOPLIST_FILE = "Click CounterTests/Info.plist";
				LD_RUNPATH_SEARCH_PATHS = "$(inherited) @executable_path/Frameworks @loader_path/Frameworks";
				PRODUCT_NAME = "$(TARGET_NAME)";
				TEST_HOST = "$(BUILT_PRODUCTS_DIR)/Click Counter.app/Click Counter";
			};
			name = Release;
		};
/* End XCBuildConfiguration section */

/* Begin XCConfigurationList section */
		49179B7F1ADB39AE00F82D96 /* Build configuration list for PBXProject "Click Counter" */ = {
			isa = XCConfigurationList;
			buildConfigurations = (
				49179BA11ADB39AE00F82D96 /* Debug */,
				49179BA21ADB39AE00F82D96 /* Release */,
			);
			defaultConfigurationIsVisible = 0;
			defaultConfigurationName = Release;
		};
		49179BA31ADB39AE00F82D96 /* Build configuration list for PBXNativeTarget "Click Counter" */ = {
			isa = XCConfigurationList;
			buildConfigurations = (
				49179BA41ADB39AE00F82D96 /* Debug */,
				49179BA51ADB39AE00F82D96 /* Release */,
			);
			defaultConfigurationIsVisible = 0;
		};
		49179BA61ADB39AE00F82D96 /* Build configuration list for PBXNativeTarget "Click CounterTests" */ = {
			isa = XCConfigurationList;
			buildConfigurations = (
				49179BA71ADB39AE00F82D96 /* Debug */,
				49179BA81ADB39AE00F82D96 /* Release */,
			);
			defaultConfigurationIsVisible = 0;
		};
/* End XCConfigurationList section */
	};
	rootObject = 49179B7C1ADB39AE00F82D96 /* Project object */;
}
